
Microsoft Visual Studio Solution File, Format Version 12.00
# Visual Studio Version 17
VisualStudioVersion = 17.0.32112.339
MinimumVisualStudioVersion = 10.0.40219.1
Project("{9A19103F-16F7-4668-BE54-9A1E7A4F7556}") = "ToolsWatchService", "ToolsWatchService\ToolsWatchService.csproj", "{ECB40728-C7BC-4574-AD99-C3C674AF10C1}"
EndProject
Project("{9A19103F-16F7-4668-BE54-9A1E7A4F7556}") = "ConsoleApp1", "ConsoleApp1\ConsoleApp1.csproj", "{6E162412-B63D-4431-8C9C-682532A4D718}"
EndProject
Project("{2150E333-8FDC-42A3-9474-1A3956D46DE8}") = "Solution Items", "Solution Items", "{6FE1F64D-0162-4FEC-86C6-BF9C7A3F7B69}"
	ProjectSection(SolutionItems) = preProject
		BatInfo.txt = BatInfo.txt
	EndProjectSection
EndProject
Global
	GlobalSection(SolutionConfigurationPlatforms) = preSolution
		Debug|Any CPU = Debug|Any CPU
		Release|Any CPU = Release|Any CPU
	EndGlobalSection
	GlobalSection(ProjectConfigurationPlatforms) = postSolution
		{ECB40728-C7BC-4574-AD99-C3C674AF10C1}.Debug|Any CPU.ActiveCfg = Debug|Any CPU
		{ECB40728-C7BC-4574-AD99-C3C674AF10C1}.Debug|Any CPU.Build.0 = Debug|Any CPU
		{ECB40728-C7BC-4574-AD99-C3C674AF10C1}.Release|Any CPU.ActiveCfg = Release|Any CPU
		{ECB40728-C7BC-4574-AD99-C3C674AF10C1}.Release|Any CPU.Build.0 = Release|Any CPU
		{6E162412-B63D-4431-8C9C-682532A4D718}.Debug|Any CPU.ActiveCfg = Debug|Any CPU
		{6E162412-B63D-4431-8C9C-682532A4D718}.Debug|Any CPU.Build.0 = Debug|Any CPU
		{6E162412-B63D-4431-8C9C-682532A4D718}.Release|Any CPU.ActiveCfg = Release|Any CPU
		{6E162412-B63D-4431-8C9C-682532A4D718}.Release|Any CPU.Build.0 = Release|Any CPU
	EndGlobalSection
	GlobalSection(SolutionProperties) = preSolution
		HideSolutionNode = FALSE
	EndGlobalSection
	GlobalSection(ExtensibilityGlobals) = postSolution
		SolutionGuid = {CFDED09E-8717-4A90-B87E-6E979E504CC3}
	EndGlobalSection
EndGlobal
